
Microsoft Visual Studio Solution File, Format Version 12.00
# Visual Studio Version 16
VisualStudioVersion = 16.0.31624.102
MinimumVisualStudioVersion = 10.0.40219.1
Project("{FAE04EC0-301F-11D3-BF4B-00C04F79EFBC}") = "Day6_Calcolatrice", "Day6_Calcolatrice\Day6_Calcolatrice.csproj", "{4BC7EEE5-E5AF-4FAC-9207-AE0D580C3953}"
EndProject
Global
	GlobalSection(SolutionConfigurationPlatforms) = preSolution
		Debug|Any CPU = Debug|Any CPU
		Release|Any CPU = Release|Any CPU
	EndGlobalSection
	GlobalSection(ProjectConfigurationPlatforms) = postSolution
		{4BC7EEE5-E5AF-4FAC-9207-AE0D580C3953}.Debug|Any CPU.ActiveCfg = Debug|Any CPU
		{4BC7EEE5-E5AF-4FAC-9207-AE0D580C3953}.Debug|Any CPU.Build.0 = Debug|Any CPU
		{4BC7EEE5-E5AF-4FAC-9207-AE0D580C3953}.Release|Any CPU.ActiveCfg = Release|Any CPU
		{4BC7EEE5-E5AF-4FAC-9207-AE0D580C3953}.Release|Any CPU.Build.0 = Release|Any CPU
	EndGlobalSection
	GlobalSection(SolutionProperties) = preSolution
		HideSolutionNode = FALSE
	EndGlobalSection
	GlobalSection(ExtensibilityGlobals) = postSolution
		SolutionGuid = {2BD15429-99F0-4F7A-A325-53719654FE8C}
	EndGlobalSection
EndGlobal
