
Microsoft Visual Studio Solution File, Format Version 12.00
# Visual Studio Version 16
VisualStudioVersion = 16.0.31624.102
MinimumVisualStudioVersion = 10.0.40219.1
Project("{FAE04EC0-301F-11D3-BF4B-00C04F79EFBC}") = "Day8_Ricorsione", "Day8_Ricorsione\Day8_Ricorsione.csproj", "{050632CC-7A43-4365-9C98-08AE105067A3}"
EndProject
Global
	GlobalSection(SolutionConfigurationPlatforms) = preSolution
		Debug|Any CPU = Debug|Any CPU
		Release|Any CPU = Release|Any CPU
	EndGlobalSection
	GlobalSection(ProjectConfigurationPlatforms) = postSolution
		{050632CC-7A43-4365-9C98-08AE105067A3}.Debug|Any CPU.ActiveCfg = Debug|Any CPU
		{050632CC-7A43-4365-9C98-08AE105067A3}.Debug|Any CPU.Build.0 = Debug|Any CPU
		{050632CC-7A43-4365-9C98-08AE105067A3}.Release|Any CPU.ActiveCfg = Release|Any CPU
		{050632CC-7A43-4365-9C98-08AE105067A3}.Release|Any CPU.Build.0 = Release|Any CPU
	EndGlobalSection
	GlobalSection(SolutionProperties) = preSolution
		HideSolutionNode = FALSE
	EndGlobalSection
	GlobalSection(ExtensibilityGlobals) = postSolution
		SolutionGuid = {CBDDF797-453F-4991-9453-114E2189EEE9}
	EndGlobalSection
EndGlobal
