
Microsoft Visual Studio Solution File, Format Version 12.00
# Visual Studio Version 16
VisualStudioVersion = 16.0.31624.102
MinimumVisualStudioVersion = 10.0.40219.1
Project("{FAE04EC0-301F-11D3-BF4B-00C04F79EFBC}") = "Day9_GestioneCC", "Day9_GestioneCC\Day9_GestioneCC.csproj", "{6FFEB471-FBFD-479E-A7DC-F5AADA1DD022}"
EndProject
Global
	GlobalSection(SolutionConfigurationPlatforms) = preSolution
		Debug|Any CPU = Debug|Any CPU
		Release|Any CPU = Release|Any CPU
	EndGlobalSection
	GlobalSection(ProjectConfigurationPlatforms) = postSolution
		{6FFEB471-FBFD-479E-A7DC-F5AADA1DD022}.Debug|Any CPU.ActiveCfg = Debug|Any CPU
		{6FFEB471-FBFD-479E-A7DC-F5AADA1DD022}.Debug|Any CPU.Build.0 = Debug|Any CPU
		{6FFEB471-FBFD-479E-A7DC-F5AADA1DD022}.Release|Any CPU.ActiveCfg = Release|Any CPU
		{6FFEB471-FBFD-479E-A7DC-F5AADA1DD022}.Release|Any CPU.Build.0 = Release|Any CPU
	EndGlobalSection
	GlobalSection(SolutionProperties) = preSolution
		HideSolutionNode = FALSE
	EndGlobalSection
	GlobalSection(ExtensibilityGlobals) = postSolution
		SolutionGuid = {30C146A9-DCD7-4D8C-98B6-AF4224D70FA0}
	EndGlobalSection
EndGlobal
